
Microsoft Visual Studio Solution File, Format Version 12.00
Project("{FAE04EC0-301F-11D3-BF4B-00C04F79EFBC}") = "TypesAndVariables", "TypesAndVariables\TypesAndVariables.csproj", "{84A45CEC-FC54-4097-93D1-A0096119A95E}"
EndProject
Project("{FAE04EC0-301F-11D3-BF4B-00C04F79EFBC}") = "Conditionals", "Conditionals\Conditionals.csproj", "{646A50E9-E8EF-4394-9BD9-E03F02FD92E1}"
EndProject
Project("{FAE04EC0-301F-11D3-BF4B-00C04F79EFBC}") = "Methods", "Methods\Methods.csproj", "{43DCF883-6682-4750-AB4E-D303441F3D60}"
EndProject
Project("{FAE04EC0-301F-11D3-BF4B-00C04F79EFBC}") = "Arrays", "Arrays\Arrays.csproj", "{576A4279-BE21-40D3-96E3-F8DABAC3B412}"
EndProject
Project("{FAE04EC0-301F-11D3-BF4B-00C04F79EFBC}") = "Loops", "Loops\Loops.csproj", "{8C800730-D976-4FB3-AF51-455E3F5CAF70}"
EndProject
Global
	GlobalSection(SolutionConfigurationPlatforms) = preSolution
		Debug|Any CPU = Debug|Any CPU
		Release|Any CPU = Release|Any CPU
	EndGlobalSection
	GlobalSection(ProjectConfigurationPlatforms) = postSolution
		{84A45CEC-FC54-4097-93D1-A0096119A95E}.Debug|Any CPU.ActiveCfg = Debug|Any CPU
		{84A45CEC-FC54-4097-93D1-A0096119A95E}.Debug|Any CPU.Build.0 = Debug|Any CPU
		{84A45CEC-FC54-4097-93D1-A0096119A95E}.Release|Any CPU.ActiveCfg = Release|Any CPU
		{84A45CEC-FC54-4097-93D1-A0096119A95E}.Release|Any CPU.Build.0 = Release|Any CPU
		{646A50E9-E8EF-4394-9BD9-E03F02FD92E1}.Debug|Any CPU.ActiveCfg = Debug|Any CPU
		{646A50E9-E8EF-4394-9BD9-E03F02FD92E1}.Debug|Any CPU.Build.0 = Debug|Any CPU
		{646A50E9-E8EF-4394-9BD9-E03F02FD92E1}.Release|Any CPU.ActiveCfg = Release|Any CPU
		{646A50E9-E8EF-4394-9BD9-E03F02FD92E1}.Release|Any CPU.Build.0 = Release|Any CPU
		{43DCF883-6682-4750-AB4E-D303441F3D60}.Debug|Any CPU.ActiveCfg = Debug|Any CPU
		{43DCF883-6682-4750-AB4E-D303441F3D60}.Debug|Any CPU.Build.0 = Debug|Any CPU
		{43DCF883-6682-4750-AB4E-D303441F3D60}.Release|Any CPU.ActiveCfg = Release|Any CPU
		{43DCF883-6682-4750-AB4E-D303441F3D60}.Release|Any CPU.Build.0 = Release|Any CPU
		{576A4279-BE21-40D3-96E3-F8DABAC3B412}.Debug|Any CPU.ActiveCfg = Debug|Any CPU
		{576A4279-BE21-40D3-96E3-F8DABAC3B412}.Debug|Any CPU.Build.0 = Debug|Any CPU
		{576A4279-BE21-40D3-96E3-F8DABAC3B412}.Release|Any CPU.ActiveCfg = Release|Any CPU
		{576A4279-BE21-40D3-96E3-F8DABAC3B412}.Release|Any CPU.Build.0 = Release|Any CPU
		{8C800730-D976-4FB3-AF51-455E3F5CAF70}.Debug|Any CPU.ActiveCfg = Debug|Any CPU
		{8C800730-D976-4FB3-AF51-455E3F5CAF70}.Debug|Any CPU.Build.0 = Debug|Any CPU
		{8C800730-D976-4FB3-AF51-455E3F5CAF70}.Release|Any CPU.ActiveCfg = Release|Any CPU
		{8C800730-D976-4FB3-AF51-455E3F5CAF70}.Release|Any CPU.Build.0 = Release|Any CPU
	EndGlobalSection
EndGlobal
